// !$*UTF8*$!
{
	archiveVersion = 1;
	classes = {
	};
	objectVersion = 46;
	objects = {

/* Begin PBXBuildFile section */
		F110CAA01CA09C7C00F615C9 /* main.swift in Sources */ = {isa = PBXBuildFile; fileRef = F110CA9F1CA09C7C00F615C9 /* main.swift */; };
		F16EA7071CA0A48700D4C108 /* Fuzi.framework in Frameworks */ = {isa = PBXBuildFile; fileRef = F16EA6FC1CA0A44500D4C108 /* Fuzi.framework */; };
		F16EA7091CA0A52600D4C108 /* getopt.swift in Sources */ = {isa = PBXBuildFile; fileRef = F16EA7081CA0A52600D4C108 /* getopt.swift */; };
		F1938DB01CA09CBD006811D1 /* main.swift in Sources */ = {isa = PBXBuildFile; fileRef = F1938DAF1CA09CBD006811D1 /* main.swift */; };
/* End PBXBuildFile section */

/* Begin PBXContainerItemProxy section */
		F16EA6F71CA0A44500D4C108 /* PBXContainerItemProxy */ = {
			isa = PBXContainerItemProxy;
			containerPortal = F16EA6ED1CA0A44500D4C108 /* Fuzi.xcodeproj */;
			proxyType = 2;
			remoteGlobalIDString = 7913917D1B53B09F00BC07C3;
			remoteInfo = "Fuzi-iOS";
		};
		F16EA6F91CA0A44500D4C108 /* PBXContainerItemProxy */ = {
			isa = PBXContainerItemProxy;
			containerPortal = F16EA6ED1CA0A44500D4C108 /* Fuzi.xcodeproj */;
			proxyType = 2;
			remoteGlobalIDString = 791391871B53B09F00BC07C3;
			remoteInfo = "Fuzi-iOSTests";
		};
		F16EA6FB1CA0A44500D4C108 /* PBXContainerItemProxy */ = {
			isa = PBXContainerItemProxy;
			containerPortal = F16EA6ED1CA0A44500D4C108 /* Fuzi.xcodeproj */;
			proxyType = 2;
			remoteGlobalIDString = 792500AB1BA6CF6B0011671B;
			remoteInfo = "Fuzi-OSX";
		};
		F16EA6FD1CA0A44500D4C108 /* PBXContainerItemProxy */ = {
			isa = PBXContainerItemProxy;
			containerPortal = F16EA6ED1CA0A44500D4C108 /* Fuzi.xcodeproj */;
			proxyType = 2;
			remoteGlobalIDString = 792500B71BA6CFBB0011671B;
			remoteInfo = "Fuzi-OSXTests";
		};
		F16EA6FF1CA0A44500D4C108 /* PBXContainerItemProxy */ = {
			isa = PBXContainerItemProxy;
			containerPortal = F16EA6ED1CA0A44500D4C108 /* Fuzi.xcodeproj */;
			proxyType = 2;
			remoteGlobalIDString = 7932B11C1BA7F25A008CA6F5;
			remoteInfo = "Fuzi-WatchOS";
		};
		F16EA7011CA0A44500D4C108 /* PBXContainerItemProxy */ = {
			isa = PBXContainerItemProxy;
			containerPortal = F16EA6ED1CA0A44500D4C108 /* Fuzi.xcodeproj */;
			proxyType = 2;
			remoteGlobalIDString = 7930508F1BD89A3E0040127B;
			remoteInfo = "Fuzi-tvOS";
		};
		F16EA7031CA0A44500D4C108 /* PBXContainerItemProxy */ = {
			isa = PBXContainerItemProxy;
			containerPortal = F16EA6ED1CA0A44500D4C108 /* Fuzi.xcodeproj */;
			proxyType = 2;
			remoteGlobalIDString = 793050981BD89A3E0040127B;
			remoteInfo = "Fuzi-tvOSTests";
		};
		F16EA7051CA0A47D00D4C108 /* PBXContainerItemProxy */ = {
			isa = PBXContainerItemProxy;
			containerPortal = F16EA6ED1CA0A44500D4C108 /* Fuzi.xcodeproj */;
			proxyType = 1;
			remoteGlobalIDString = 792500AA1BA6CF6B0011671B;
			remoteInfo = "Fuzi-OSX";
		};
/* End PBXContainerItemProxy section */

/* Begin PBXCopyFilesBuildPhase section */
		F110CA9A1CA09C7C00F615C9 /* CopyFiles */ = {
			isa = PBXCopyFilesBuildPhase;
			buildActionMask = 2147483647;
			dstPath = /usr/share/man/man1/;
			dstSubfolderSpec = 0;
			files = (
			);
			runOnlyForDeploymentPostprocessing = 1;
		};
		F1938DAB1CA09CBD006811D1 /* CopyFiles */ = {
			isa = PBXCopyFilesBuildPhase;
			buildActionMask = 2147483647;
			dstPath = /usr/share/man/man1/;
			dstSubfolderSpec = 0;
			files = (
			);
			runOnlyForDeploymentPostprocessing = 1;
		};
/* End PBXCopyFilesBuildPhase section */

/* Begin PBXFileReference section */
		F110CA9C1CA09C7C00F615C9 /* Gtk3Swift */ = {isa = PBXFileReference; explicitFileType = "compiled.mach-o.executable"; includeInIndex = 0; path = Gtk3Swift; sourceTree = BUILT_PRODUCTS_DIR; };
		F110CA9F1CA09C7C00F615C9 /* main.swift */ = {isa = PBXFileReference; lastKnownFileType = sourcecode.swift; path = main.swift; sourceTree = "<group>"; };
		F16EA6ED1CA0A44500D4C108 /* Fuzi.xcodeproj */ = {isa = PBXFileReference; lastKnownFileType = "wrapper.pb-project"; name = Fuzi.xcodeproj; path = Carthage/Checkouts/Fuzi/Fuzi.xcodeproj; sourceTree = "<group>"; };
		F16EA7081CA0A52600D4C108 /* getopt.swift */ = {isa = PBXFileReference; fileEncoding = 4; lastKnownFileType = sourcecode.swift; path = getopt.swift; sourceTree = "<group>"; };
		F1938DAD1CA09CBD006811D1 /* girparser */ = {isa = PBXFileReference; explicitFileType = "compiled.mach-o.executable"; includeInIndex = 0; path = girparser; sourceTree = BUILT_PRODUCTS_DIR; };
		F1938DAF1CA09CBD006811D1 /* main.swift */ = {isa = PBXFileReference; lastKnownFileType = sourcecode.swift; path = main.swift; sourceTree = "<group>"; };
/* End PBXFileReference section */

/* Begin PBXFrameworksBuildPhase section */
		F110CA991CA09C7C00F615C9 /* Frameworks */ = {
			isa = PBXFrameworksBuildPhase;
			buildActionMask = 2147483647;
			files = (
			);
			runOnlyForDeploymentPostprocessing = 0;
		};
		F1938DAA1CA09CBD006811D1 /* Frameworks */ = {
			isa = PBXFrameworksBuildPhase;
			buildActionMask = 2147483647;
			files = (
				F16EA7071CA0A48700D4C108 /* Fuzi.framework in Frameworks */,
			);
			runOnlyForDeploymentPostprocessing = 0;
		};
/* End PBXFrameworksBuildPhase section */

/* Begin PBXGroup section */
		F110CA931CA09C7C00F615C9 = {
			isa = PBXGroup;
			children = (
				F16EA6ED1CA0A44500D4C108 /* Fuzi.xcodeproj */,
				F110CA9E1CA09C7C00F615C9 /* Gtk3Swift */,
				F1938DAE1CA09CBD006811D1 /* girparser */,
				F110CA9D1CA09C7C00F615C9 /* Products */,
			);
			sourceTree = "<group>";
		};
		F110CA9D1CA09C7C00F615C9 /* Products */ = {
			isa = PBXGroup;
			children = (
				F110CA9C1CA09C7C00F615C9 /* Gtk3Swift */,
				F1938DAD1CA09CBD006811D1 /* girparser */,
			);
			name = Products;
			sourceTree = "<group>";
		};
		F110CA9E1CA09C7C00F615C9 /* Gtk3Swift */ = {
			isa = PBXGroup;
			children = (
				F110CA9F1CA09C7C00F615C9 /* main.swift */,
			);
			path = Gtk3Swift;
			sourceTree = "<group>";
		};
		F16EA6EE1CA0A44500D4C108 /* Products */ = {
			isa = PBXGroup;
			children = (
				F16EA6F81CA0A44500D4C108 /* Fuzi.framework */,
				F16EA6FA1CA0A44500D4C108 /* Fuzi-iOSTests.xctest */,
				F16EA6FC1CA0A44500D4C108 /* Fuzi.framework */,
				F16EA6FE1CA0A44500D4C108 /* Fuzi-OSXTests.xctest */,
				F16EA7001CA0A44500D4C108 /* Fuzi.framework */,
				F16EA7021CA0A44500D4C108 /* Fuzi.framework */,
				F16EA7041CA0A44500D4C108 /* Fuzi-tvOSTests.xctest */,
			);
			name = Products;
			sourceTree = "<group>";
		};
		F1938DAE1CA09CBD006811D1 /* girparser */ = {
			isa = PBXGroup;
			children = (
				F1938DAF1CA09CBD006811D1 /* main.swift */,
				F16EA7081CA0A52600D4C108 /* getopt.swift */,
			);
			path = girparser;
			sourceTree = "<group>";
		};
/* End PBXGroup section */

/* Begin PBXNativeTarget section */
		F110CA9B1CA09C7C00F615C9 /* Gtk3Swift */ = {
			isa = PBXNativeTarget;
			buildConfigurationList = F110CAA31CA09C7C00F615C9 /* Build configuration list for PBXNativeTarget "Gtk3Swift" */;
			buildPhases = (
				F110CA981CA09C7C00F615C9 /* Sources */,
				F110CA991CA09C7C00F615C9 /* Frameworks */,
				F110CA9A1CA09C7C00F615C9 /* CopyFiles */,
			);
			buildRules = (
			);
			dependencies = (
			);
			name = Gtk3Swift;
			productName = Gtk3Swift;
			productReference = F110CA9C1CA09C7C00F615C9 /* Gtk3Swift */;
			productType = "com.apple.product-type.tool";
		};
		F1938DAC1CA09CBD006811D1 /* girparser */ = {
			isa = PBXNativeTarget;
			buildConfigurationList = F1938DB31CA09CBD006811D1 /* Build configuration list for PBXNativeTarget "girparser" */;
			buildPhases = (
				F1938DA91CA09CBD006811D1 /* Sources */,
				F1938DAA1CA09CBD006811D1 /* Frameworks */,
				F1938DAB1CA09CBD006811D1 /* CopyFiles */,
			);
			buildRules = (
			);
			dependencies = (
				F16EA7061CA0A47D00D4C108 /* PBXTargetDependency */,
			);
			name = girparser;
			productName = girparser;
			productReference = F1938DAD1CA09CBD006811D1 /* girparser */;
			productType = "com.apple.product-type.tool";
		};
/* End PBXNativeTarget section */

/* Begin PBXProject section */
		F110CA941CA09C7C00F615C9 /* Project object */ = {
			isa = PBXProject;
			attributes = {
				LastSwiftUpdateCheck = 0730;
				LastUpgradeCheck = 0730;
				ORGANIZATIONNAME = "Rene Hexel";
				TargetAttributes = {
					F110CA9B1CA09C7C00F615C9 = {
						CreatedOnToolsVersion = 7.3;
					};
					F1938DAC1CA09CBD006811D1 = {
						CreatedOnToolsVersion = 7.3;
					};
				};
			};
			buildConfigurationList = F110CA971CA09C7C00F615C9 /* Build configuration list for PBXProject "Gtk3Swift" */;
			compatibilityVersion = "Xcode 3.2";
			developmentRegion = English;
			hasScannedForEncodings = 0;
			knownRegions = (
				en,
			);
			mainGroup = F110CA931CA09C7C00F615C9;
			productRefGroup = F110CA9D1CA09C7C00F615C9 /* Products */;
			projectDirPath = "";
			projectReferences = (
				{
					ProductGroup = F16EA6EE1CA0A44500D4C108 /* Products */;
					ProjectRef = F16EA6ED1CA0A44500D4C108 /* Fuzi.xcodeproj */;
				},
			);
			projectRoot = "";
			targets = (
				F110CA9B1CA09C7C00F615C9 /* Gtk3Swift */,
				F1938DAC1CA09CBD006811D1 /* girparser */,
			);
		};
/* End PBXProject section */

/* Begin PBXReferenceProxy section */
		F16EA6F81CA0A44500D4C108 /* Fuzi.framework */ = {
			isa = PBXReferenceProxy;
			fileType = wrapper.framework;
			path = Fuzi.framework;
			remoteRef = F16EA6F71CA0A44500D4C108 /* PBXContainerItemProxy */;
			sourceTree = BUILT_PRODUCTS_DIR;
		};
		F16EA6FA1CA0A44500D4C108 /* Fuzi-iOSTests.xctest */ = {
			isa = PBXReferenceProxy;
			fileType = wrapper.cfbundle;
			path = "Fuzi-iOSTests.xctest";
			remoteRef = F16EA6F91CA0A44500D4C108 /* PBXContainerItemProxy */;
			sourceTree = BUILT_PRODUCTS_DIR;
		};
		F16EA6FC1CA0A44500D4C108 /* Fuzi.framework */ = {
			isa = PBXReferenceProxy;
			fileType = wrapper.framework;
			path = Fuzi.framework;
			remoteRef = F16EA6FB1CA0A44500D4C108 /* PBXContainerItemProxy */;
			sourceTree = BUILT_PRODUCTS_DIR;
		};
		F16EA6FE1CA0A44500D4C108 /* Fuzi-OSXTests.xctest */ = {
			isa = PBXReferenceProxy;
			fileType = wrapper.cfbundle;
			path = "Fuzi-OSXTests.xctest";
			remoteRef = F16EA6FD1CA0A44500D4C108 /* PBXContainerItemProxy */;
			sourceTree = BUILT_PRODUCTS_DIR;
		};
		F16EA7001CA0A44500D4C108 /* Fuzi.framework */ = {
			isa = PBXReferenceProxy;
			fileType = wrapper.framework;
			path = Fuzi.framework;
			remoteRef = F16EA6FF1CA0A44500D4C108 /* PBXContainerItemProxy */;
			sourceTree = BUILT_PRODUCTS_DIR;
		};
		F16EA7021CA0A44500D4C108 /* Fuzi.framework */ = {
			isa = PBXReferenceProxy;
			fileType = wrapper.framework;
			path = Fuzi.framework;
			remoteRef = F16EA7011CA0A44500D4C108 /* PBXContainerItemProxy */;
			sourceTree = BUILT_PRODUCTS_DIR;
		};
		F16EA7041CA0A44500D4C108 /* Fuzi-tvOSTests.xctest */ = {
			isa = PBXReferenceProxy;
			fileType = wrapper.cfbundle;
			path = "Fuzi-tvOSTests.xctest";
			remoteRef = F16EA7031CA0A44500D4C108 /* PBXContainerItemProxy */;
			sourceTree = BUILT_PRODUCTS_DIR;
		};
/* End PBXReferenceProxy section */

/* Begin PBXSourcesBuildPhase section */
		F110CA981CA09C7C00F615C9 /* Sources */ = {
			isa = PBXSourcesBuildPhase;
			buildActionMask = 2147483647;
			files = (
				F110CAA01CA09C7C00F615C9 /* main.swift in Sources */,
			);
			runOnlyForDeploymentPostprocessing = 0;
		};
		F1938DA91CA09CBD006811D1 /* Sources */ = {
			isa = PBXSourcesBuildPhase;
			buildActionMask = 2147483647;
			files = (
				F16EA7091CA0A52600D4C108 /* getopt.swift in Sources */,
				F1938DB01CA09CBD006811D1 /* main.swift in Sources */,
			);
			runOnlyForDeploymentPostprocessing = 0;
		};
/* End PBXSourcesBuildPhase section */

/* Begin PBXTargetDependency section */
		F16EA7061CA0A47D00D4C108 /* PBXTargetDependency */ = {
			isa = PBXTargetDependency;
			name = "Fuzi-OSX";
			targetProxy = F16EA7051CA0A47D00D4C108 /* PBXContainerItemProxy */;
		};
/* End PBXTargetDependency section */

/* Begin XCBuildConfiguration section */
		F110CAA11CA09C7C00F615C9 /* Debug */ = {
			isa = XCBuildConfiguration;
			buildSettings = {
				ALWAYS_SEARCH_USER_PATHS = NO;
				CLANG_ANALYZER_NONNULL = YES;
				CLANG_CXX_LANGUAGE_STANDARD = "gnu++0x";
				CLANG_CXX_LIBRARY = "libc++";
				CLANG_ENABLE_MODULES = YES;
				CLANG_ENABLE_OBJC_ARC = YES;
				CLANG_WARN_BOOL_CONVERSION = YES;
				CLANG_WARN_CONSTANT_CONVERSION = YES;
				CLANG_WARN_DIRECT_OBJC_ISA_USAGE = YES_ERROR;
				CLANG_WARN_EMPTY_BODY = YES;
				CLANG_WARN_ENUM_CONVERSION = YES;
				CLANG_WARN_INT_CONVERSION = YES;
				CLANG_WARN_OBJC_ROOT_CLASS = YES_ERROR;
				CLANG_WARN_UNREACHABLE_CODE = YES;
				CLANG_WARN__DUPLICATE_METHOD_MATCH = YES;
				CODE_SIGN_IDENTITY = "-";
				COPY_PHASE_STRIP = NO;
				DEBUG_INFORMATION_FORMAT = dwarf;
				ENABLE_STRICT_OBJC_MSGSEND = YES;
				ENABLE_TESTABILITY = YES;
				GCC_C_LANGUAGE_STANDARD = gnu99;
				GCC_DYNAMIC_NO_PIC = NO;
				GCC_NO_COMMON_BLOCKS = YES;
				GCC_OPTIMIZATION_LEVEL = 0;
				GCC_PREPROCESSOR_DEFINITIONS = (
					"DEBUG=1",
					"$(inherited)",
				);
				GCC_WARN_64_TO_32_BIT_CONVERSION = YES;
				GCC_WARN_ABOUT_RETURN_TYPE = YES_ERROR;
				GCC_WARN_UNDECLARED_SELECTOR = YES;
				GCC_WARN_UNINITIALIZED_AUTOS = YES_AGGRESSIVE;
				GCC_WARN_UNUSED_FUNCTION = YES;
				GCC_WARN_UNUSED_VARIABLE = YES;
				MACOSX_DEPLOYMENT_TARGET = 10.11;
				MTL_ENABLE_DEBUG_INFO = YES;
				ONLY_ACTIVE_ARCH = YES;
				SDKROOT = macosx;
				SWIFT_OPTIMIZATION_LEVEL = "-Onone";
			};
			name = Debug;
		};
		F110CAA21CA09C7C00F615C9 /* Release */ = {
			isa = XCBuildConfiguration;
			buildSettings = {
				ALWAYS_SEARCH_USER_PATHS = NO;
				CLANG_ANALYZER_NONNULL = YES;
				CLANG_CXX_LANGUAGE_STANDARD = "gnu++0x";
				CLANG_CXX_LIBRARY = "libc++";
				CLANG_ENABLE_MODULES = YES;
				CLANG_ENABLE_OBJC_ARC = YES;
				CLANG_WARN_BOOL_CONVERSION = YES;
				CLANG_WARN_CONSTANT_CONVERSION = YES;
				CLANG_WARN_DIRECT_OBJC_ISA_USAGE = YES_ERROR;
				CLANG_WARN_EMPTY_BODY = YES;
				CLANG_WARN_ENUM_CONVERSION = YES;
				CLANG_WARN_INT_CONVERSION = YES;
				CLANG_WARN_OBJC_ROOT_CLASS = YES_ERROR;
				CLANG_WARN_UNREACHABLE_CODE = YES;
				CLANG_WARN__DUPLICATE_METHOD_MATCH = YES;
				CODE_SIGN_IDENTITY = "-";
				COPY_PHASE_STRIP = NO;
				DEBUG_INFORMATION_FORMAT = "dwarf-with-dsym";
				ENABLE_NS_ASSERTIONS = NO;
				ENABLE_STRICT_OBJC_MSGSEND = YES;
				GCC_C_LANGUAGE_STANDARD = gnu99;
				GCC_NO_COMMON_BLOCKS = YES;
				GCC_WARN_64_TO_32_BIT_CONVERSION = YES;
				GCC_WARN_ABOUT_RETURN_TYPE = YES_ERROR;
				GCC_WARN_UNDECLARED_SELECTOR = YES;
				GCC_WARN_UNINITIALIZED_AUTOS = YES_AGGRESSIVE;
				GCC_WARN_UNUSED_FUNCTION = YES;
				GCC_WARN_UNUSED_VARIABLE = YES;
				MACOSX_DEPLOYMENT_TARGET = 10.11;
				MTL_ENABLE_DEBUG_INFO = NO;
				SDKROOT = macosx;
			};
			name = Release;
		};
		F110CAA41CA09C7C00F615C9 /* Debug */ = {
			isa = XCBuildConfiguration;
			buildSettings = {
				PRODUCT_NAME = "$(TARGET_NAME)";
			};
			name = Debug;
		};
		F110CAA51CA09C7C00F615C9 /* Release */ = {
			isa = XCBuildConfiguration;
			buildSettings = {
				PRODUCT_NAME = "$(TARGET_NAME)";
			};
			name = Release;
		};
		F1938DB11CA09CBD006811D1 /* Debug */ = {
			isa = XCBuildConfiguration;
			buildSettings = {
				PRODUCT_NAME = "$(TARGET_NAME)";
			};
			name = Debug;
		};
		F1938DB21CA09CBD006811D1 /* Release */ = {
			isa = XCBuildConfiguration;
			buildSettings = {
				PRODUCT_NAME = "$(TARGET_NAME)";
			};
			name = Release;
		};
/* End XCBuildConfiguration section */

/* Begin XCConfigurationList section */
		F110CA971CA09C7C00F615C9 /* Build configuration list for PBXProject "Gtk3Swift" */ = {
			isa = XCConfigurationList;
			buildConfigurations = (
				F110CAA11CA09C7C00F615C9 /* Debug */,
				F110CAA21CA09C7C00F615C9 /* Release */,
			);
			defaultConfigurationIsVisible = 0;
			defaultConfigurationName = Release;
		};
		F110CAA31CA09C7C00F615C9 /* Build configuration list for PBXNativeTarget "Gtk3Swift" */ = {
			isa = XCConfigurationList;
			buildConfigurations = (
				F110CAA41CA09C7C00F615C9 /* Debug */,
				F110CAA51CA09C7C00F615C9 /* Release */,
			);
			defaultConfigurationIsVisible = 0;
			defaultConfigurationName = Release;
		};
		F1938DB31CA09CBD006811D1 /* Build configuration list for PBXNativeTarget "girparser" */ = {
			isa = XCConfigurationList;
			buildConfigurations = (
				F1938DB11CA09CBD006811D1 /* Debug */,
				F1938DB21CA09CBD006811D1 /* Release */,
			);
			defaultConfigurationIsVisible = 0;
			defaultConfigurationName = Release;
		};
/* End XCConfigurationList section */
	};
	rootObject = F110CA941CA09C7C00F615C9 /* Project object */;
}
